// !$*UTF8*$!
{
	archiveVersion = 1;
	classes = {
	};
	objectVersion = 50;
	objects = {

/* Begin PBXBuildFile section */
		CE4A07F325C965670046182B /* 可愛い足音.mp3 in Resources */ = {isa = PBXBuildFile; fileRef = CE4A07F225C965670046182B /* 可愛い足音.mp3 */; };
		CE4A07F625C96B7F0046182B /* バタンと倒れる.mp3 in Resources */ = {isa = PBXBuildFile; fileRef = CE4A07F525C96B7F0046182B /* バタンと倒れる.mp3 */; };
		CE714A3125CACFF50007919F /* 小さな冒険.mp3 in Resources */ = {isa = PBXBuildFile; fileRef = CE714A3025CACFF50007919F /* 小さな冒険.mp3 */; };
		CECE149C25CD562F00C36B29 /* アイテム取得音.mp3 in Resources */ = {isa = PBXBuildFile; fileRef = CECE149B25CD562F00C36B29 /* アイテム取得音.mp3 */; };
		CED736A125C64C3500280904 /* AppDelegate.swift in Sources */ = {isa = PBXBuildFile; fileRef = CED736A025C64C3500280904 /* AppDelegate.swift */; };
		CED736A325C64C3500280904 /* SceneDelegate.swift in Sources */ = {isa = PBXBuildFile; fileRef = CED736A225C64C3500280904 /* SceneDelegate.swift */; };
		CED736A525C64C3500280904 /* ViewController.swift in Sources */ = {isa = PBXBuildFile; fileRef = CED736A425C64C3500280904 /* ViewController.swift */; };
		CED736A825C64C3500280904 /* Main.storyboard in Resources */ = {isa = PBXBuildFile; fileRef = CED736A625C64C3500280904 /* Main.storyboard */; };
		CED736AA25C64C3600280904 /* Assets.xcassets in Resources */ = {isa = PBXBuildFile; fileRef = CED736A925C64C3600280904 /* Assets.xcassets */; };
		CED736AD25C64C3600280904 /* LaunchScreen.storyboard in Resources */ = {isa = PBXBuildFile; fileRef = CED736AB25C64C3600280904 /* LaunchScreen.storyboard */; };
		CED736B725C64FF000280904 /* GameScene.swift in Sources */ = {isa = PBXBuildFile; fileRef = CED736B625C64FF000280904 /* GameScene.swift */; };
/* End PBXBuildFile section */

/* Begin PBXFileReference section */
		CE4A07F225C965670046182B /* 可愛い足音.mp3 */ = {isa = PBXFileReference; lastKnownFileType = audio.mp3; path = "可愛い足音.mp3"; sourceTree = "<group>"; };
		CE4A07F525C96B7F0046182B /* バタンと倒れる.mp3 */ = {isa = PBXFileReference; lastKnownFileType = audio.mp3; path = "バタンと倒れる.mp3"; sourceTree = "<group>"; };
		CE714A3025CACFF50007919F /* 小さな冒険.mp3 */ = {isa = PBXFileReference; lastKnownFileType = audio.mp3; path = "小さな冒険.mp3"; sourceTree = "<group>"; };
		CECE149B25CD562F00C36B29 /* アイテム取得音.mp3 */ = {isa = PBXFileReference; lastKnownFileType = audio.mp3; path = "アイテム取得音.mp3"; sourceTree = "<group>"; };
		CED7369D25C64C3400280904 /* FlappyBird.app */ = {isa = PBXFileReference; explicitFileType = wrapper.application; includeInIndex = 0; path = FlappyBird.app; sourceTree = BUILT_PRODUCTS_DIR; };
		CED736A025C64C3500280904 /* AppDelegate.swift */ = {isa = PBXFileReference; lastKnownFileType = sourcecode.swift; path = AppDelegate.swift; sourceTree = "<group>"; };
		CED736A225C64C3500280904 /* SceneDelegate.swift */ = {isa = PBXFileReference; lastKnownFileType = sourcecode.swift; path = SceneDelegate.swift; sourceTree = "<group>"; };
		CED736A425C64C3500280904 /* ViewController.swift */ = {isa = PBXFileReference; lastKnownFileType = sourcecode.swift; path = ViewController.swift; sourceTree = "<group>"; };
		CED736A725C64C3500280904 /* Base */ = {isa = PBXFileReference; lastKnownFileType = file.storyboard; name = Base; path = Base.lproj/Main.storyboard; sourceTree = "<group>"; };
		CED736A925C64C3600280904 /* Assets.xcassets */ = {isa = PBXFileReference; lastKnownFileType = folder.assetcatalog; path = Assets.xcassets; sourceTree = "<group>"; };
		CED736AC25C64C3600280904 /* Base */ = {isa = PBXFileReference; lastKnownFileType = file.storyboard; name = Base; path = Base.lproj/LaunchScreen.storyboard; sourceTree = "<group>"; };
		CED736AE25C64C3600280904 /* Info.plist */ = {isa = PBXFileReference; lastKnownFileType = text.plist.xml; path = Info.plist; sourceTree = "<group>"; };
		CED736B625C64FF000280904 /* GameScene.swift */ = {isa = PBXFileReference; lastKnownFileType = sourcecode.swift; path = "\bGameScene.swift"; sourceTree = "<group>"; };
/* End PBXFileReference section */

/* Begin PBXFrameworksBuildPhase section */
		CED7369A25C64C3400280904 /* Frameworks */ = {
			isa = PBXFrameworksBuildPhase;
			buildActionMask = 2147483647;
			files = (
			);
			runOnlyForDeploymentPostprocessing = 0;
		};
/* End PBXFrameworksBuildPhase section */

/* Begin PBXGroup section */
		CED7369425C64C3400280904 = {
			isa = PBXGroup;
			children = (
				CED7369F25C64C3400280904 /* FlappyBird */,
				CED7369E25C64C3400280904 /* Products */,
			);
			sourceTree = "<group>";
		};
		CED7369E25C64C3400280904 /* Products */ = {
			isa = PBXGroup;
			children = (
				CED7369D25C64C3400280904 /* FlappyBird.app */,
			);
			name = Products;
			sourceTree = "<group>";
		};
		CED7369F25C64C3400280904 /* FlappyBird */ = {
			isa = PBXGroup;
			children = (
				CED736A025C64C3500280904 /* AppDelegate.swift */,
				CED736A225C64C3500280904 /* SceneDelegate.swift */,
				CED736A425C64C3500280904 /* ViewController.swift */,
				CED736B625C64FF000280904 /* GameScene.swift */,
				CED736A625C64C3500280904 /* Main.storyboard */,
				CED736A925C64C3600280904 /* Assets.xcassets */,
				CED736AB25C64C3600280904 /* LaunchScreen.storyboard */,
				CED736AE25C64C3600280904 /* Info.plist */,
				CE4A07F225C965670046182B /* 可愛い足音.mp3 */,
				CE4A07F525C96B7F0046182B /* バタンと倒れる.mp3 */,
				CE714A3025CACFF50007919F /* 小さな冒険.mp3 */,
				CECE149B25CD562F00C36B29 /* アイテム取得音.mp3 */,
			);
			path = FlappyBird;
			sourceTree = "<group>";
		};
/* End PBXGroup section */

/* Begin PBXNativeTarget section */
		CED7369C25C64C3400280904 /* FlappyBird */ = {
			isa = PBXNativeTarget;
			buildConfigurationList = CED736B125C64C3600280904 /* Build configuration list for PBXNativeTarget "FlappyBird" */;
			buildPhases = (
				CED7369925C64C3400280904 /* Sources */,
				CED7369A25C64C3400280904 /* Frameworks */,
				CED7369B25C64C3400280904 /* Resources */,
			);
			buildRules = (
			);
			dependencies = (
			);
			name = FlappyBird;
			productName = FlappyBird;
			productReference = CED7369D25C64C3400280904 /* FlappyBird.app */;
			productType = "com.apple.product-type.application";
		};
/* End PBXNativeTarget section */

/* Begin PBXProject section */
		CED7369525C64C3400280904 /* Project object */ = {
			isa = PBXProject;
			attributes = {
				LastSwiftUpdateCheck = 1150;
				LastUpgradeCheck = 1150;
				ORGANIZATIONNAME = "takeshi-2983";
				TargetAttributes = {
					CED7369C25C64C3400280904 = {
						CreatedOnToolsVersion = 11.5;
					};
				};
			};
			buildConfigurationList = CED7369825C64C3400280904 /* Build configuration list for PBXProject "FlappyBird_2" */;
			compatibilityVersion = "Xcode 9.3";
			developmentRegion = en;
			hasScannedForEncodings = 0;
			knownRegions = (
				en,
				Base,
			);
			mainGroup = CED7369425C64C3400280904;
			productRefGroup = CED7369E25C64C3400280904 /* Products */;
			projectDirPath = "";
			projectRoot = "";
			targets = (
				CED7369C25C64C3400280904 /* FlappyBird */,
			);
		};
/* End PBXProject section */

/* Begin PBXResourcesBuildPhase section */
		CED7369B25C64C3400280904 /* Resources */ = {
			isa = PBXResourcesBuildPhase;
			buildActionMask = 2147483647;
			files = (
				CED736AD25C64C3600280904 /* LaunchScreen.storyboard in Resources */,
				CED736AA25C64C3600280904 /* Assets.xcassets in Resources */,
				CED736A825C64C3500280904 /* Main.storyboard in Resources */,
				CE4A07F625C96B7F0046182B /* バタンと倒れる.mp3 in Resources */,
				CE4A07F325C965670046182B /* 可愛い足音.mp3 in Resources */,
				CE714A3125CACFF50007919F /* 小さな冒険.mp3 in Resources */,
				CECE149C25CD562F00C36B29 /* アイテム取得音.mp3 in Resources */,
			);
			runOnlyForDeploymentPostprocessing = 0;
		};
/* End PBXResourcesBuildPhase section */

/* Begin PBXSourcesBuildPhase section */
		CED7369925C64C3400280904 /* Sources */ = {
			isa = PBXSourcesBuildPhase;
			buildActionMask = 2147483647;
			files = (
				CED736A525C64C3500280904 /* ViewController.swift in Sources */,
				CED736A125C64C3500280904 /* AppDelegate.swift in Sources */,
				CED736A325C64C3500280904 /* SceneDelegate.swift in Sources */,
				CED736B725C64FF000280904 /* GameScene.swift in Sources */,
			);
			runOnlyForDeploymentPostprocessing = 0;
		};
/* End PBXSourcesBuildPhase section */

/* Begin PBXVariantGroup section */
		CED736A625C64C3500280904 /* Main.storyboard */ = {
			isa = PBXVariantGroup;
			children = (
				CED736A725C64C3500280904 /* Base */,
			);
			name = Main.storyboard;
			sourceTree = "<group>";
		};
		CED736AB25C64C3600280904 /* LaunchScreen.storyboard */ = {
			isa = PBXVariantGroup;
			children = (
				CED736AC25C64C3600280904 /* Base */,
			);
			name = LaunchScreen.storyboard;
			sourceTree = "<group>";
		};
/* End PBXVariantGroup section */

/* Begin XCBuildConfiguration section */
		CED736AF25C64C3600280904 /* Debug */ = {
			isa = XCBuildConfiguration;
			buildSettings = {
				ALWAYS_SEARCH_USER_PATHS = NO;
				CLANG_ANALYZER_NONNULL = YES;
				CLANG_ANALYZER_NUMBER_OBJECT_CONVERSION = YES_AGGRESSIVE;
				CLANG_CXX_LANGUAGE_STANDARD = "gnu++14";
				CLANG_CXX_LIBRARY = "libc++";
				CLANG_ENABLE_MODULES = YES;
				CLANG_ENABLE_OBJC_ARC = YES;
				CLANG_ENABLE_OBJC_WEAK = YES;
				CLANG_WARN_BLOCK_CAPTURE_AUTORELEASING = YES;
				CLANG_WARN_BOOL_CONVERSION = YES;
				CLANG_WARN_COMMA = YES;
				CLANG_WARN_CONSTANT_CONVERSION = YES;
				CLANG_WARN_DEPRECATED_OBJC_IMPLEMENTATIONS = YES;
				CLANG_WARN_DIRECT_OBJC_ISA_USAGE = YES_ERROR;
				CLANG_WARN_DOCUMENTATION_COMMENTS = YES;
				CLANG_WARN_EMPTY_BODY = YES;
				CLANG_WARN_ENUM_CONVERSION = YES;
				CLANG_WARN_INFINITE_RECURSION = YES;
				CLANG_WARN_INT_CONVERSION = YES;
				CLANG_WARN_NON_LITERAL_NULL_CONVERSION = YES;
				CLANG_WARN_OBJC_IMPLICIT_RETAIN_SELF = YES;
				CLANG_WARN_OBJC_LITERAL_CONVERSION = YES;
				CLANG_WARN_OBJC_ROOT_CLASS = YES_ERROR;
				CLANG_WARN_RANGE_LOOP_ANALYSIS = YES;
				CLANG_WARN_STRICT_PROTOTYPES = YES;
				CLANG_WARN_SUSPICIOUS_MOVE = YES;
				CLANG_WARN_UNGUARDED_AVAILABILITY = YES_AGGRESSIVE;
				CLANG_WARN_UNREACHABLE_CODE = YES;
				CLANG_WARN__DUPLICATE_METHOD_MATCH = YES;
				COPY_PHASE_STRIP = NO;
				DEBUG_INFORMATION_FORMAT = dwarf;
				ENABLE_STRICT_OBJC_MSGSEND = YES;
				ENABLE_TESTABILITY = YES;
				GCC_C_LANGUAGE_STANDARD = gnu11;
				GCC_DYNAMIC_NO_PIC = NO;
				GCC_NO_COMMON_BLOCKS = YES;
				GCC_OPTIMIZATION_LEVEL = 0;
				GCC_PREPROCESSOR_DEFINITIONS = (
					"DEBUG=1",
					"$(inherited)",
				);
				GCC_WARN_64_TO_32_BIT_CONVERSION = YES;
				GCC_WARN_ABOUT_RETURN_TYPE = YES_ERROR;
				GCC_WARN_UNDECLARED_SELECTOR = YES;
				GCC_WARN_UNINITIALIZED_AUTOS = YES_AGGRESSIVE;
				GCC_WARN_UNUSED_FUNCTION = YES;
				GCC_WARN_UNUSED_VARIABLE = YES;
				IPHONEOS_DEPLOYMENT_TARGET = 13.5;
				MTL_ENABLE_DEBUG_INFO = INCLUDE_SOURCE;
				MTL_FAST_MATH = YES;
				ONLY_ACTIVE_ARCH = YES;
				SDKROOT = iphoneos;
				SWIFT_ACTIVE_COMPILATION_CONDITIONS = DEBUG;
				SWIFT_OPTIMIZATION_LEVEL = "-Onone";
			};
			name = Debug;
		};
		CED736B025C64C3600280904 /* Release */ = {
			isa = XCBuildConfiguration;
			buildSettings = {
				ALWAYS_SEARCH_USER_PATHS = NO;
				CLANG_ANALYZER_NONNULL = YES;
				CLANG_ANALYZER_NUMBER_OBJECT_CONVERSION = YES_AGGRESSIVE;
				CLANG_CXX_LANGUAGE_STANDARD = "gnu++14";
				CLANG_CXX_LIBRARY = "libc++";
				CLANG_ENABLE_MODULES = YES;
				CLANG_ENABLE_OBJC_ARC = YES;
				CLANG_ENABLE_OBJC_WEAK = YES;
				CLANG_WARN_BLOCK_CAPTURE_AUTORELEASING = YES;
				CLANG_WARN_BOOL_CONVERSION = YES;
				CLANG_WARN_COMMA = YES;
				CLANG_WARN_CONSTANT_CONVERSION = YES;
				CLANG_WARN_DEPRECATED_OBJC_IMPLEMENTATIONS = YES;
				CLANG_WARN_DIRECT_OBJC_ISA_USAGE = YES_ERROR;
				CLANG_WARN_DOCUMENTATION_COMMENTS = YES;
				CLANG_WARN_EMPTY_BODY = YES;
				CLANG_WARN_ENUM_CONVERSION = YES;
				CLANG_WARN_INFINITE_RECURSION = YES;
				CLANG_WARN_INT_CONVERSION = YES;
				CLANG_WARN_NON_LITERAL_NULL_CONVERSION = YES;
				CLANG_WARN_OBJC_IMPLICIT_RETAIN_SELF = YES;
				CLANG_WARN_OBJC_LITERAL_CONVERSION = YES;
				CLANG_WARN_OBJC_ROOT_CLASS = YES_ERROR;
				CLANG_WARN_RANGE_LOOP_ANALYSIS = YES;
				CLANG_WARN_STRICT_PROTOTYPES = YES;
				CLANG_WARN_SUSPICIOUS_MOVE = YES;
				CLANG_WARN_UNGUARDED_AVAILABILITY = YES_AGGRESSIVE;
				CLANG_WARN_UNREACHABLE_CODE = YES;
				CLANG_WARN__DUPLICATE_METHOD_MATCH = YES;
				COPY_PHASE_STRIP = NO;
				DEBUG_INFORMATION_FORMAT = "dwarf-with-dsym";
				ENABLE_NS_ASSERTIONS = NO;
				ENABLE_STRICT_OBJC_MSGSEND = YES;
				GCC_C_LANGUAGE_STANDARD = gnu11;
				GCC_NO_COMMON_BLOCKS = YES;
				GCC_WARN_64_TO_32_BIT_CONVERSION = YES;
				GCC_WARN_ABOUT_RETURN_TYPE = YES_ERROR;
				GCC_WARN_UNDECLARED_SELECTOR = YES;
				GCC_WARN_UNINITIALIZED_AUTOS = YES_AGGRESSIVE;
				GCC_WARN_UNUSED_FUNCTION = YES;
				GCC_WARN_UNUSED_VARIABLE = YES;
				IPHONEOS_DEPLOYMENT_TARGET = 13.5;
				MTL_ENABLE_DEBUG_INFO = NO;
				MTL_FAST_MATH = YES;
				SDKROOT = iphoneos;
				SWIFT_COMPILATION_MODE = wholemodule;
				SWIFT_OPTIMIZATION_LEVEL = "-O";
				VALIDATE_PRODUCT = YES;
			};
			name = Release;
		};
		CED736B225C64C3600280904 /* Debug */ = {
			isa = XCBuildConfiguration;
			buildSettings = {
				ASSETCATALOG_COMPILER_APPICON_NAME = AppIcon;
				CODE_SIGN_STYLE = Automatic;
				DEVELOPMENT_TEAM = U9K9UNZPUA;
				INFOPLIST_FILE = FlappyBird/Info.plist;
				LD_RUNPATH_SEARCH_PATHS = (
					"$(inherited)",
					"@executable_path/Frameworks",
				);
				PRODUCT_BUNDLE_IDENTIFIER = "jp.techacademy.takeshi-2983.FlappyBird";
				PRODUCT_NAME = "$(TARGET_NAME)";
				SWIFT_VERSION = 5.0;
				TARGETED_DEVICE_FAMILY = 1;
			};
			name = Debug;
		};
		CED736B325C64C3600280904 /* Release */ = {
			isa = XCBuildConfiguration;
			buildSettings = {
				ASSETCATALOG_COMPILER_APPICON_NAME = AppIcon;
				CODE_SIGN_STYLE = Automatic;
				DEVELOPMENT_TEAM = U9K9UNZPUA;
				INFOPLIST_FILE = FlappyBird/Info.plist;
				LD_RUNPATH_SEARCH_PATHS = (
					"$(inherited)",
					"@executable_path/Frameworks",
				);
				PRODUCT_BUNDLE_IDENTIFIER = "jp.techacademy.takeshi-2983.FlappyBird";
				PRODUCT_NAME = "$(TARGET_NAME)";
				SWIFT_VERSION = 5.0;
				TARGETED_DEVICE_FAMILY = 1;
			};
			name = Release;
		};
/* End XCBuildConfiguration section */

/* Begin XCConfigurationList section */
		CED7369825C64C3400280904 /* Build configuration list for PBXProject "FlappyBird_2" */ = {
			isa = XCConfigurationList;
			buildConfigurations = (
				CED736AF25C64C3600280904 /* Debug */,
				CED736B025C64C3600280904 /* Release */,
			);
			defaultConfigurationIsVisible = 0;
			defaultConfigurationName = Release;
		};
		CED736B125C64C3600280904 /* Build configuration list for PBXNativeTarget "FlappyBird" */ = {
			isa = XCConfigurationList;
			buildConfigurations = (
				CED736B225C64C3600280904 /* Debug */,
				CED736B325C64C3600280904 /* Release */,
			);
			defaultConfigurationIsVisible = 0;
			defaultConfigurationName = Release;
		};
/* End XCConfigurationList section */
	};
	rootObject = CED7369525C64C3400280904 /* Project object */;
}
